
Microsoft Visual Studio Solution File, Format Version 12.00
# Visual Studio Version 17
VisualStudioVersion = 17.5.33424.131
MinimumVisualStudioVersion = 10.0.40219.1
Project("{FAE04EC0-301F-11D3-BF4B-00C04F79EFBC}") = "DinaD", "DinaD\DinaD.csproj", "{E9735B16-6FB4-479C-BDEB-3C3F439A34C0}"
EndProject
Project("{FAE04EC0-301F-11D3-BF4B-00C04F79EFBC}") = "UnitTestProject1", "UnitTestProject1\UnitTestProject1.csproj", "{7E294FA4-89D0-4848-9197-F8717E38A82D}"
EndProject
Global
	GlobalSection(SolutionConfigurationPlatforms) = preSolution
		Debug|Any CPU = Debug|Any CPU
		Release|Any CPU = Release|Any CPU
	EndGlobalSection
	GlobalSection(ProjectConfigurationPlatforms) = postSolution
		{E9735B16-6FB4-479C-BDEB-3C3F439A34C0}.Debug|Any CPU.ActiveCfg = Debug|Any CPU
		{E9735B16-6FB4-479C-BDEB-3C3F439A34C0}.Debug|Any CPU.Build.0 = Debug|Any CPU
		{E9735B16-6FB4-479C-BDEB-3C3F439A34C0}.Release|Any CPU.ActiveCfg = Release|Any CPU
		{E9735B16-6FB4-479C-BDEB-3C3F439A34C0}.Release|Any CPU.Build.0 = Release|Any CPU
		{7E294FA4-89D0-4848-9197-F8717E38A82D}.Debug|Any CPU.ActiveCfg = Debug|Any CPU
		{7E294FA4-89D0-4848-9197-F8717E38A82D}.Debug|Any CPU.Build.0 = Debug|Any CPU
		{7E294FA4-89D0-4848-9197-F8717E38A82D}.Release|Any CPU.ActiveCfg = Release|Any CPU
		{7E294FA4-89D0-4848-9197-F8717E38A82D}.Release|Any CPU.Build.0 = Release|Any CPU
	EndGlobalSection
	GlobalSection(SolutionProperties) = preSolution
		HideSolutionNode = FALSE
	EndGlobalSection
	GlobalSection(ExtensibilityGlobals) = postSolution
		SolutionGuid = {8C496FAD-363F-47F8-9130-FCE2F56ACC8A}
	EndGlobalSection
EndGlobal
